Microsoft Visual Studio Solution File, Format Version 12.00
# Visual Studio Version 17
VisualStudioVersion = 17.8.0.0
MinimumVisualStudioVersion = 17.8.0.0
Project("{9A19103F-16F7-4668-BE54-9A1E7A4F7556}") = "flyballstats.AppHost", "flyballstats.AppHost\flyballstats.AppHost.csproj", "{D643A721-8E4F-4A4E-9CE9-2C02557B5B15}"
EndProject
Project("{9A19103F-16F7-4668-BE54-9A1E7A4F7556}") = "flyballstats.ServiceDefaults", "flyballstats.ServiceDefaults\flyballstats.ServiceDefaults.csproj", "{694F5150-AA45-4E6E-9FD7-8346C71DF637}"
EndProject
Project("{9A19103F-16F7-4668-BE54-9A1E7A4F7556}") = "flyballstats.ApiService", "flyballstats.ApiService\flyballstats.ApiService.csproj", "{DDDD0577-FE3D-4EC0-B4BA-968591EF7719}"
EndProject
Project("{9A19103F-16F7-4668-BE54-9A1E7A4F7556}") = "flyballstats.Web", "flyballstats.Web\flyballstats.Web.csproj", "{EDCBA87B-622D-412F-B46C-F6846B33F320}"
EndProject
Project("{FAE04EC0-301F-11D3-BF4B-00C04F79EFBC}") = "flyballstats.Tests", "flyballstats.Tests\flyballstats.Tests.csproj", "{A192188E-0CA5-42FF-98E4-F596EB69D865}"
EndProject
Global
	GlobalSection(SolutionConfigurationPlatforms) = preSolution
		Debug|Any CPU = Debug|Any CPU
		Release|Any CPU = Release|Any CPU
	EndGlobalSection
	GlobalSection(ProjectConfigurationPlatforms) = postSolution
		{D643A721-8E4F-4A4E-9CE9-2C02557B5B15}.Debug|Any CPU.ActiveCfg = Debug|Any CPU
		{D643A721-8E4F-4A4E-9CE9-2C02557B5B15}.Debug|Any CPU.Build.0 = Debug|Any CPU
		{D643A721-8E4F-4A4E-9CE9-2C02557B5B15}.Release|Any CPU.ActiveCfg = Release|Any CPU
		{D643A721-8E4F-4A4E-9CE9-2C02557B5B15}.Release|Any CPU.Build.0 = Release|Any CPU
		{694F5150-AA45-4E6E-9FD7-8346C71DF637}.Debug|Any CPU.ActiveCfg = Debug|Any CPU
		{694F5150-AA45-4E6E-9FD7-8346C71DF637}.Debug|Any CPU.Build.0 = Debug|Any CPU
		{694F5150-AA45-4E6E-9FD7-8346C71DF637}.Release|Any CPU.ActiveCfg = Release|Any CPU
		{694F5150-AA45-4E6E-9FD7-8346C71DF637}.Release|Any CPU.Build.0 = Release|Any CPU
		{DDDD0577-FE3D-4EC0-B4BA-968591EF7719}.Debug|Any CPU.ActiveCfg = Debug|Any CPU
		{DDDD0577-FE3D-4EC0-B4BA-968591EF7719}.Debug|Any CPU.Build.0 = Debug|Any CPU
		{DDDD0577-FE3D-4EC0-B4BA-968591EF7719}.Release|Any CPU.ActiveCfg = Release|Any CPU
		{DDDD0577-FE3D-4EC0-B4BA-968591EF7719}.Release|Any CPU.Build.0 = Release|Any CPU
		{EDCBA87B-622D-412F-B46C-F6846B33F320}.Debug|Any CPU.ActiveCfg = Debug|Any CPU
		{EDCBA87B-622D-412F-B46C-F6846B33F320}.Debug|Any CPU.Build.0 = Debug|Any CPU
		{EDCBA87B-622D-412F-B46C-F6846B33F320}.Release|Any CPU.ActiveCfg = Release|Any CPU
		{EDCBA87B-622D-412F-B46C-F6846B33F320}.Release|Any CPU.Build.0 = Release|Any CPU
		{A192188E-0CA5-42FF-98E4-F596EB69D865}.Debug|Any CPU.ActiveCfg = Debug|Any CPU
		{A192188E-0CA5-42FF-98E4-F596EB69D865}.Debug|Any CPU.Build.0 = Debug|Any CPU
		{A192188E-0CA5-42FF-98E4-F596EB69D865}.Release|Any CPU.ActiveCfg = Release|Any CPU
		{A192188E-0CA5-42FF-98E4-F596EB69D865}.Release|Any CPU.Build.0 = Release|Any CPU
	EndGlobalSection
	GlobalSection(SolutionProperties) = preSolution
		HideSolutionNode = FALSE
	EndGlobalSection
	GlobalSection(ExtensibilityGlobals) = postSolution
		SolutionGuid = {69B95492-2622-430D-BB6F-E0522A8DAE0A}
	EndGlobalSection
EndGlobal
